
Microsoft Visual Studio Solution File, Format Version 12.00
# Visual Studio 15
VisualStudioVersion = 15.0.28307.106
MinimumVisualStudioVersion = 10.0.40219.1
Project("{FAE04EC0-301F-11D3-BF4B-00C04F79EFBC}") = "PingApp1", "PingApp1\PingApp1.csproj", "{B72FCC91-C3BC-45A7-A060-305148334AD7}"
EndProject
Global
	GlobalSection(SolutionConfigurationPlatforms) = preSolution
		Debug|Any CPU = Debug|Any CPU
		Release|Any CPU = Release|Any CPU
	EndGlobalSection
	GlobalSection(ProjectConfigurationPlatforms) = postSolution
		{B72FCC91-C3BC-45A7-A060-305148334AD7}.Debug|Any CPU.ActiveCfg = Debug|Any CPU
		{B72FCC91-C3BC-45A7-A060-305148334AD7}.Debug|Any CPU.Build.0 = Debug|Any CPU
		{B72FCC91-C3BC-45A7-A060-305148334AD7}.Release|Any CPU.ActiveCfg = Release|Any CPU
		{B72FCC91-C3BC-45A7-A060-305148334AD7}.Release|Any CPU.Build.0 = Release|Any CPU
	EndGlobalSection
	GlobalSection(SolutionProperties) = preSolution
		HideSolutionNode = FALSE
	EndGlobalSection
	GlobalSection(ExtensibilityGlobals) = postSolution
		SolutionGuid = {A2D3AD9A-8BDE-463C-A0B6-A2931D491044}
	EndGlobalSection
EndGlobal
